
Microsoft Visual Studio Solution File, Format Version 12.00
# Visual Studio Version 17
VisualStudioVersion = 17.5.002.0
MinimumVisualStudioVersion = 10.0.40219.1
Project("{9A19103F-16F7-4668-BE54-9A1E7A4F7556}") = "PlatziWebAppMvc", "PlatziWebAppMvc.csproj", "{ABB48415-DDE6-4316-B3DB-27B9D2A427FB}"
EndProject
Global
	GlobalSection(SolutionConfigurationPlatforms) = preSolution
		Debug|Any CPU = Debug|Any CPU
		Release|Any CPU = Release|Any CPU
	EndGlobalSection
	GlobalSection(ProjectConfigurationPlatforms) = postSolution
		{ABB48415-DDE6-4316-B3DB-27B9D2A427FB}.Debug|Any CPU.ActiveCfg = Debug|Any CPU
		{ABB48415-DDE6-4316-B3DB-27B9D2A427FB}.Debug|Any CPU.Build.0 = Debug|Any CPU
		{ABB48415-DDE6-4316-B3DB-27B9D2A427FB}.Release|Any CPU.ActiveCfg = Release|Any CPU
		{ABB48415-DDE6-4316-B3DB-27B9D2A427FB}.Release|Any CPU.Build.0 = Release|Any CPU
	EndGlobalSection
	GlobalSection(SolutionProperties) = preSolution
		HideSolutionNode = FALSE
	EndGlobalSection
	GlobalSection(ExtensibilityGlobals) = postSolution
		SolutionGuid = {CEAB28BB-C5FE-45BF-AB59-95D819CC0D80}
	EndGlobalSection
EndGlobal
